PODS:
  - app_set_id (1.2.0):
    - Flutter
  - Flutter (1.0.0)

DEPENDENCIES:
  - app_set_id (from `.symlinks/plugins/app_set_id/ios`)
  - Flutter (from `Flutter`)

EXTERNAL SOURCES:
  app_set_id:
    :path: ".symlinks/plugins/app_set_id/ios"
  Flutter:
    :path: Flutter

SPEC CHECKSUMS:
  app_set_id: a4d12ebbc7915f987b4a04983b4c0104c64d5e02
  Flutter: e0871f40cf51350855a761d2e70bf5af5b9b5de7

PODFILE CHECKSUM: 819463e6a0290f5a72f145ba7cde16e8b6ef0796

COCOAPODS: 1.15.2
